// !$*UTF8*$!
{
	archiveVersion = 1;
	classes = {
	};
	objectVersion = 46;
	objects = {

/* Begin PBXBuildFile section */
		0B79BCB909DEA9180B35B680 /* Pods_GeoEarthquake.framework in Frameworks */ = {isa = PBXBuildFile; fileRef = 52B35627A32886110EE7AAF3 /* Pods_GeoEarthquake.framework */; };
		974B9A4D1E2E9EBA00A01B26 /* AppDelegate.swift in Sources */ = {isa = PBXBuildFile; fileRef = 974B9A4C1E2E9EBA00A01B26 /* AppDelegate.swift */; };
		974B9A4F1E2E9EBA00A01B26 /* ViewController.swift in Sources */ = {isa = PBXBuildFile; fileRef = 974B9A4E1E2E9EBA00A01B26 /* ViewController.swift */; };
		974B9A521E2E9EBA00A01B26 /* Main.storyboard in Resources */ = {isa = PBXBuildFile; fileRef = 974B9A501E2E9EBA00A01B26 /* Main.storyboard */; };
		974B9A541E2E9EBA00A01B26 /* Assets.xcassets in Resources */ = {isa = PBXBuildFile; fileRef = 974B9A531E2E9EBA00A01B26 /* Assets.xcassets */; };
		974B9A571E2E9EBA00A01B26 /* LaunchScreen.storyboard in Resources */ = {isa = PBXBuildFile; fileRef = 974B9A551E2E9EBA00A01B26 /* LaunchScreen.storyboard */; };
/* End PBXBuildFile section */

/* Begin PBXFileReference section */
		29E565A9BF07A1992AFE95CC /* Pods-GeoEarthquake.debug.xcconfig */ = {isa = PBXFileReference; includeInIndex = 1; lastKnownFileType = text.xcconfig; name = "Pods-GeoEarthquake.debug.xcconfig"; path = "Pods/Target Support Files/Pods-GeoEarthquake/Pods-GeoEarthquake.debug.xcconfig"; sourceTree = "<group>"; };
		52B35627A32886110EE7AAF3 /* Pods_GeoEarthquake.framework */ = {isa = PBXFileReference; explicitFileType = wrapper.framework; includeInIndex = 0; path = Pods_GeoEarthquake.framework; sourceTree = BUILT_PRODUCTS_DIR; };
		974B9A491E2E9EBA00A01B26 /* GeoEarthquake.app */ = {isa = PBXFileReference; explicitFileType = wrapper.application; includeInIndex = 0; path = GeoEarthquake.app; sourceTree = BUILT_PRODUCTS_DIR; };
		974B9A4C1E2E9EBA00A01B26 /* AppDelegate.swift */ = {isa = PBXFileReference; lastKnownFileType = sourcecode.swift; path = AppDelegate.swift; sourceTree = "<group>"; };
		974B9A4E1E2E9EBA00A01B26 /* ViewController.swift */ = {isa = PBXFileReference; lastKnownFileType = sourcecode.swift; path = ViewController.swift; sourceTree = "<group>"; };
		974B9A511E2E9EBA00A01B26 /* Base */ = {isa = PBXFileReference; lastKnownFileType = file.storyboard; name = Base; path = Base.lproj/Main.storyboard; sourceTree = "<group>"; };
		974B9A531E2E9EBA00A01B26 /* Assets.xcassets */ = {isa = PBXFileReference; lastKnownFileType = folder.assetcatalog; path = Assets.xcassets; sourceTree = "<group>"; };
		974B9A561E2E9EBA00A01B26 /* Base */ = {isa = PBXFileReference; lastKnownFileType = file.storyboard; name = Base; path = Base.lproj/LaunchScreen.storyboard; sourceTree = "<group>"; };
		974B9A581E2E9EBA00A01B26 /* Info.plist */ = {isa = PBXFileReference; lastKnownFileType = text.plist.xml; path = Info.plist; sourceTree = "<group>"; };
		AD5EE990341B784996FEC84D /* Pods-GeoEarthquake.release.xcconfig */ = {isa = PBXFileReference; includeInIndex = 1; lastKnownFileType = text.xcconfig; name = "Pods-GeoEarthquake.release.xcconfig"; path = "Pods/Target Support Files/Pods-GeoEarthquake/Pods-GeoEarthquake.release.xcconfig"; sourceTree = "<group>"; };
/* End PBXFileReference section */

/* Begin PBXFrameworksBuildPhase section */
		974B9A461E2E9EBA00A01B26 /* Frameworks */ = {
			isa = PBXFrameworksBuildPhase;
			buildActionMask = 2147483647;
			files = (
				0B79BCB909DEA9180B35B680 /* Pods_GeoEarthquake.framework in Frameworks */,
			);
			runOnlyForDeploymentPostprocessing = 0;
		};
/* End PBXFrameworksBuildPhase section */

/* Begin PBXGroup section */
		8E14448606706914E7FFD71A /* Pods */ = {
			isa = PBXGroup;
			children = (
				29E565A9BF07A1992AFE95CC /* Pods-GeoEarthquake.debug.xcconfig */,
				AD5EE990341B784996FEC84D /* Pods-GeoEarthquake.release.xcconfig */,
			);
			name = Pods;
			sourceTree = "<group>";
		};
		974B9A401E2E9EBA00A01B26 = {
			isa = PBXGroup;
			children = (
				974B9A4B1E2E9EBA00A01B26 /* GeoEarthquake */,
				974B9A4A1E2E9EBA00A01B26 /* Products */,
				8E14448606706914E7FFD71A /* Pods */,
				B59BCC2A9D751BBA379643BB /* Frameworks */,
			);
			sourceTree = "<group>";
		};
		974B9A4A1E2E9EBA00A01B26 /* Products */ = {
			isa = PBXGroup;
			children = (
				974B9A491E2E9EBA00A01B26 /* GeoEarthquake.app */,
			);
			name = Products;
			sourceTree = "<group>";
		};
		974B9A4B1E2E9EBA00A01B26 /* GeoEarthquake */ = {
			isa = PBXGroup;
			children = (
				974B9A4C1E2E9EBA00A01B26 /* AppDelegate.swift */,
				974B9A4E1E2E9EBA00A01B26 /* ViewController.swift */,
				974B9A501E2E9EBA00A01B26 /* Main.storyboard */,
				974B9A531E2E9EBA00A01B26 /* Assets.xcassets */,
				974B9A551E2E9EBA00A01B26 /* LaunchScreen.storyboard */,
				974B9A581E2E9EBA00A01B26 /* Info.plist */,
			);
			path = GeoEarthquake;
			sourceTree = "<group>";
		};
		B59BCC2A9D751BBA379643BB /* Frameworks */ = {
			isa = PBXGroup;
			children = (
				52B35627A32886110EE7AAF3 /* Pods_GeoEarthquake.framework */,
			);
			name = Frameworks;
			sourceTree = "<group>";
		};
/* End PBXGroup section */

/* Begin PBXNativeTarget section */
		974B9A481E2E9EBA00A01B26 /* GeoEarthquake */ = {
			isa = PBXNativeTarget;
			buildConfigurationList = 974B9A5B1E2E9EBA00A01B26 /* Build configuration list for PBXNativeTarget "GeoEarthquake" */;
			buildPhases = (
				AF21349F78A6522EC19C4C14 /* [CP] Check Pods Manifest.lock */,
				974B9A451E2E9EBA00A01B26 /* Sources */,
				974B9A461E2E9EBA00A01B26 /* Frameworks */,
				974B9A471E2E9EBA00A01B26 /* Resources */,
				1141C4603DD9515E070451D7 /* [CP] Embed Pods Frameworks */,
				962BC82FC3691B0A359D31CB /* [CP] Copy Pods Resources */,
			);
			buildRules = (
			);
			dependencies = (
			);
			name = GeoEarthquake;
			productName = GeoEarthquake;
			productReference = 974B9A491E2E9EBA00A01B26 /* GeoEarthquake.app */;
			productType = "com.apple.product-type.application";
		};
/* End PBXNativeTarget section */

/* Begin PBXProject section */
		974B9A411E2E9EBA00A01B26 /* Project object */ = {
			isa = PBXProject;
			attributes = {
				LastSwiftUpdateCheck = 0820;
				LastUpgradeCheck = 0820;
				ORGANIZATIONNAME = 8FPROGMM11;
				TargetAttributes = {
					974B9A481E2E9EBA00A01B26 = {
						CreatedOnToolsVersion = 8.2.1;
						DevelopmentTeam = GLU2Z7NT53;
						ProvisioningStyle = Automatic;
					};
				};
			};
			buildConfigurationList = 974B9A441E2E9EBA00A01B26 /* Build configuration list for PBXProject "GeoEarthquake" */;
			compatibilityVersion = "Xcode 3.2";
			developmentRegion = English;
			hasScannedForEncodings = 0;
			knownRegions = (
				en,
				Base,
			);
			mainGroup = 974B9A401E2E9EBA00A01B26;
			productRefGroup = 974B9A4A1E2E9EBA00A01B26 /* Products */;
			projectDirPath = "";
			projectRoot = "";
			targets = (
				974B9A481E2E9EBA00A01B26 /* GeoEarthquake */,
			);
		};
/* End PBXProject section */

/* Begin PBXResourcesBuildPhase section */
		974B9A471E2E9EBA00A01B26 /* Resources */ = {
			isa = PBXResourcesBuildPhase;
			buildActionMask = 2147483647;
			files = (
				974B9A571E2E9EBA00A01B26 /* LaunchScreen.storyboard in Resources */,
				974B9A541E2E9EBA00A01B26 /* Assets.xcassets in Resources */,
				974B9A521E2E9EBA00A01B26 /* Main.storyboard in Resources */,
			);
			runOnlyForDeploymentPostprocessing = 0;
		};
/* End PBXResourcesBuildPhase section */

/* Begin PBXShellScriptBuildPhase section */
		1141C4603DD9515E070451D7 /* [CP] Embed Pods Frameworks */ = {
			isa = PBXShellScriptBuildPhase;
			buildActionMask = 2147483647;
			files = (
			);
			inputPaths = (
			);
			name = "[CP] Embed Pods Frameworks";
			outputPaths = (
			);
			runOnlyForDeploymentPostprocessing = 0;
			shellPath = /bin/sh;
			shellScript = "\"${SRCROOT}/Pods/Target Support Files/Pods-GeoEarthquake/Pods-GeoEarthquake-frameworks.sh\"\n";
			showEnvVarsInLog = 0;
		};
		962BC82FC3691B0A359D31CB /* [CP] Copy Pods Resources */ = {
			isa = PBXShellScriptBuildPhase;
			buildActionMask = 2147483647;
			files = (
			);
			inputPaths = (
			);
			name = "[CP] Copy Pods Resources";
			outputPaths = (
			);
			runOnlyForDeploymentPostprocessing = 0;
			shellPath = /bin/sh;
			shellScript = "\"${SRCROOT}/Pods/Target Support Files/Pods-GeoEarthquake/Pods-GeoEarthquake-resources.sh\"\n";
			showEnvVarsInLog = 0;
		};
		AF21349F78A6522EC19C4C14 /* [CP] Check Pods Manifest.lock */ = {
			isa = PBXShellScriptBuildPhase;
			buildActionMask = 2147483647;
			files = (
			);
			inputPaths = (
			);
			name = "[CP] Check Pods Manifest.lock";
			outputPaths = (
			);
			runOnlyForDeploymentPostprocessing = 0;
			shellPath = /bin/sh;
			shellScript = "diff \"${PODS_ROOT}/../Podfile.lock\" \"${PODS_ROOT}/Manifest.lock\" > /dev/null\nif [ $? != 0 ] ; then\n    # print error to STDERR\n    echo \"error: The sandbox is not in sync with the Podfile.lock. Run 'pod install' or update your CocoaPods installation.\" >&2\n    exit 1\nfi\n";
			showEnvVarsInLog = 0;
		};
/* End PBXShellScriptBuildPhase section */

/* Begin PBXSourcesBuildPhase section */
		974B9A451E2E9EBA00A01B26 /* Sources */ = {
			isa = PBXSourcesBuildPhase;
			buildActionMask = 2147483647;
			files = (
				974B9A4F1E2E9EBA00A01B26 /* ViewController.swift in Sources */,
				974B9A4D1E2E9EBA00A01B26 /* AppDelegate.swift in Sources */,
			);
			runOnlyForDeploymentPostprocessing = 0;
		};
/* End PBXSourcesBuildPhase section */

/* Begin PBXVariantGroup section */
		974B9A501E2E9EBA00A01B26 /* Main.storyboard */ = {
			isa = PBXVariantGroup;
			children = (
				974B9A511E2E9EBA00A01B26 /* Base */,
			);
			name = Main.storyboard;
			sourceTree = "<group>";
		};
		974B9A551E2E9EBA00A01B26 /* LaunchScreen.storyboard */ = {
			isa = PBXVariantGroup;
			children = (
				974B9A561E2E9EBA00A01B26 /* Base */,
			);
			name = LaunchScreen.storyboard;
			sourceTree = "<group>";
		};
/* End PBXVariantGroup section */

/* Begin XCBuildConfiguration section */
		974B9A591E2E9EBA00A01B26 /* Debug */ = {
			isa = XCBuildConfiguration;
			buildSettings = {
				ALWAYS_SEARCH_USER_PATHS = NO;
				CLANG_ANALYZER_NONNULL = YES;
				CLANG_CXX_LANGUAGE_STANDARD = "gnu++0x";
				CLANG_CXX_LIBRARY = "libc++";
				CLANG_ENABLE_MODULES = YES;
				CLANG_ENABLE_OBJC_ARC = YES;
				CLANG_WARN_BOOL_CONVERSION = YES;
				CLANG_WARN_CONSTANT_CONVERSION = YES;
				CLANG_WARN_DIRECT_OBJC_ISA_USAGE = YES_ERROR;
				CLANG_WARN_DOCUMENTATION_COMMENTS = YES;
				CLANG_WARN_EMPTY_BODY = YES;
				CLANG_WARN_ENUM_CONVERSION = YES;
				CLANG_WARN_INFINITE_RECURSION = YES;
				CLANG_WARN_INT_CONVERSION = YES;
				CLANG_WARN_OBJC_ROOT_CLASS = YES_ERROR;
				CLANG_WARN_SUSPICIOUS_MOVE = YES;
				CLANG_WARN_UNREACHABLE_CODE = YES;
				CLANG_WARN__DUPLICATE_METHOD_MATCH = YES;
				"CODE_SIGN_IDENTITY[sdk=iphoneos*]" = "iPhone Developer";
				COPY_PHASE_STRIP = NO;
				DEBUG_INFORMATION_FORMAT = dwarf;
				ENABLE_STRICT_OBJC_MSGSEND = YES;
				ENABLE_TESTABILITY = YES;
				GCC_C_LANGUAGE_STANDARD = gnu99;
				GCC_DYNAMIC_NO_PIC = NO;
				GCC_NO_COMMON_BLOCKS = YES;
				GCC_OPTIMIZATION_LEVEL = 0;
				GCC_PREPROCESSOR_DEFINITIONS = (
					"DEBUG=1",
					"$(inherited)",
				);
				GCC_WARN_64_TO_32_BIT_CONVERSION = YES;
				GCC_WARN_ABOUT_RETURN_TYPE = YES_ERROR;
				GCC_WARN_UNDECLARED_SELECTOR = YES;
				GCC_WARN_UNINITIALIZED_AUTOS = YES_AGGRESSIVE;
				GCC_WARN_UNUSED_FUNCTION = YES;
				GCC_WARN_UNUSED_VARIABLE = YES;
				IPHONEOS_DEPLOYMENT_TARGET = 10.2;
				MTL_ENABLE_DEBUG_INFO = YES;
				ONLY_ACTIVE_ARCH = YES;
				SDKROOT = iphoneos;
				SWIFT_ACTIVE_COMPILATION_CONDITIONS = DEBUG;
				SWIFT_OPTIMIZATION_LEVEL = "-Onone";
			};
			name = Debug;
		};
		974B9A5A1E2E9EBA00A01B26 /* Release */ = {
			isa = XCBuildConfiguration;
			buildSettings = {
				ALWAYS_SEARCH_USER_PATHS = NO;
				CLANG_ANALYZER_NONNULL = YES;
				CLANG_CXX_LANGUAGE_STANDARD = "gnu++0x";
				CLANG_CXX_LIBRARY = "libc++";
				CLANG_ENABLE_MODULES = YES;
				CLANG_ENABLE_OBJC_ARC = YES;
				CLANG_WARN_BOOL_CONVERSION = YES;
				CLANG_WARN_CONSTANT_CONVERSION = YES;
				CLANG_WARN_DIRECT_OBJC_ISA_USAGE = YES_ERROR;
				CLANG_WARN_DOCUMENTATION_COMMENTS = YES;
				CLANG_WARN_EMPTY_BODY = YES;
				CLANG_WARN_ENUM_CONVERSION = YES;
				CLANG_WARN_INFINITE_RECURSION = YES;
				CLANG_WARN_INT_CONVERSION = YES;
				CLANG_WARN_OBJC_ROOT_CLASS = YES_ERROR;
				CLANG_WARN_SUSPICIOUS_MOVE = YES;
				CLANG_WARN_UNREACHABLE_CODE = YES;
				CLANG_WARN__DUPLICATE_METHOD_MATCH = YES;
				"CODE_SIGN_IDENTITY[sdk=iphoneos*]" = "iPhone Developer";
				COPY_PHASE_STRIP = NO;
				DEBUG_INFORMATION_FORMAT = "dwarf-with-dsym";
				ENABLE_NS_ASSERTIONS = NO;
				ENABLE_STRICT_OBJC_MSGSEND = YES;
				GCC_C_LANGUAGE_STANDARD = gnu99;
				GCC_NO_COMMON_BLOCKS = YES;
				GCC_WARN_64_TO_32_BIT_CONVERSION = YES;
				GCC_WARN_ABOUT_RETURN_TYPE = YES_ERROR;
				GCC_WARN_UNDECLARED_SELECTOR = YES;
				GCC_WARN_UNINITIALIZED_AUTOS = YES_AGGRESSIVE;
				GCC_WARN_UNUSED_FUNCTION = YES;
				GCC_WARN_UNUSED_VARIABLE = YES;
				IPHONEOS_DEPLOYMENT_TARGET = 10.2;
				MTL_ENABLE_DEBUG_INFO = NO;
				SDKROOT = iphoneos;
				SWIFT_OPTIMIZATION_LEVEL = "-Owholemodule";
				VALIDATE_PRODUCT = YES;
			};
			name = Release;
		};
		974B9A5C1E2E9EBA00A01B26 /* Debug */ = {
			isa = XCBuildConfiguration;
			baseConfigurationReference = 29E565A9BF07A1992AFE95CC /* Pods-GeoEarthquake.debug.xcconfig */;
			buildSettings = {
				ASSETCATALOG_COMPILER_APPICON_NAME = AppIcon;
				DEVELOPMENT_TEAM = GLU2Z7NT53;
				INFOPLIST_FILE = GeoEarthquake/Info.plist;
				LD_RUNPATH_SEARCH_PATHS = "$(inherited) @executable_path/Frameworks";
				PRODUCT_BUNDLE_IDENTIFIER = com.8FPROGMM11.GeoEarthquake;
				PRODUCT_NAME = "$(TARGET_NAME)";
				SWIFT_VERSION = 3.0;
			};
			name = Debug;
		};
		974B9A5D1E2E9EBA00A01B26 /* Release */ = {
			isa = XCBuildConfiguration;
			baseConfigurationReference = AD5EE990341B784996FEC84D /* Pods-GeoEarthquake.release.xcconfig */;
			buildSettings = {
				ASSETCATALOG_COMPILER_APPICON_NAME = AppIcon;
				DEVELOPMENT_TEAM = GLU2Z7NT53;
				INFOPLIST_FILE = GeoEarthquake/Info.plist;
				LD_RUNPATH_SEARCH_PATHS = "$(inherited) @executable_path/Frameworks";
				PRODUCT_BUNDLE_IDENTIFIER = com.8FPROGMM11.GeoEarthquake;
				PRODUCT_NAME = "$(TARGET_NAME)";
				SWIFT_VERSION = 3.0;
			};
			name = Release;
		};
/* End XCBuildConfiguration section */

/* Begin XCConfigurationList section */
		974B9A441E2E9EBA00A01B26 /* Build configuration list for PBXProject "GeoEarthquake" */ = {
			isa = XCConfigurationList;
			buildConfigurations = (
				974B9A591E2E9EBA00A01B26 /* Debug */,
				974B9A5A1E2E9EBA00A01B26 /* Release */,
			);
			defaultConfigurationIsVisible = 0;
			defaultConfigurationName = Release;
		};
		974B9A5B1E2E9EBA00A01B26 /* Build configuration list for PBXNativeTarget "GeoEarthquake" */ = {
			isa = XCConfigurationList;
			buildConfigurations = (
				974B9A5C1E2E9EBA00A01B26 /* Debug */,
				974B9A5D1E2E9EBA00A01B26 /* Release */,
			);
			defaultConfigurationIsVisible = 0;
		};
/* End XCConfigurationList section */
	};
	rootObject = 974B9A411E2E9EBA00A01B26 /* Project object */;
}
